<?xml version="1.0" encoding="utf-8"?>
<Project ToolsVersion="4.0" xmlns="http://schemas.microsoft.com/developer/msbuild/2003">
  <ItemGroup>
    <Filter Include="Исходные файлы">
      <UniqueIdentifier>{4FC737F1-C7A5-4376-A066-2A32D752A2FF}</UniqueIdentifier>
      <Extensions>cpp;c;cc;cxx;c++;cppm;ixx;def;odl;idl;hpj;bat;asm;asmx</Extensions>
    </Filter>
    <Filter Include="Файлы ресурсов">
      <UniqueIdentifier>{67DA6AB6-F800-4c08-8B7A-83BB121AAD01}</UniqueIdentifier>
      <Extensions>rc;ico;cur;bmp;dlg;rc2;rct;bin;rgs;gif;jpg;jpeg;jpe;resx;tiff;tif;png;wav;mfcribbon-ms</Extensions>
    </Filter>
    <Filter Include="Исходные файлы\Tests">
      <UniqueIdentifier>{37574360-70bd-4eda-a7c5-733ec10d636a}</UniqueIdentifier>
    </Filter>
    <Filter Include="Исходные файлы\Tests\Fixtures">
      <UniqueIdentifier>{0f8a0738-80b0-4454-bf10-e05c084aef4a}</UniqueIdentifier>
    </Filter>
  </ItemGroup>
  <ItemGroup>
    <ClInclude Include="ForwardList.h">
      <Filter>Исходные файлы</Filter>
    </ClInclude>
    <ClInclude Include="Tests\1BasicConstructorsTest.h">
      <Filter>Исходные файлы\Tests</Filter>
    </ClInclude>
    <ClInclude Include="Tests\2PushFrontTest.h">
      <Filter>Исходные файлы\Tests</Filter>
    </ClInclude>
    <ClInclude Include="Tests\3PopFrontTest.h">
      <Filter>Исходные файлы\Tests</Filter>
    </ClInclude>
    <ClInclude Include="Tests\4DestructorCallTest.h">
      <Filter>Исходные файлы\Tests</Filter>
    </ClInclude>
    <ClInclude Include="Tests\5CopyConstructorTest.h">
      <Filter>Исходные файлы\Tests</Filter>
    </ClInclude>
    <ClInclude Include="Tests\6AssignmentOperatorTest.h">
      <Filter>Исходные файлы\Tests</Filter>
    </ClInclude>
    <ClInclude Include="Tests\7DestructorWithAssignmentTest.h">
      <Filter>Исходные файлы\Tests</Filter>
    </ClInclude>
    <ClInclude Include="Tests\8EmplaceFrontTest.h">
      <Filter>Исходные файлы\Tests</Filter>
    </ClInclude>
    <ClInclude Include="Tests\9FrontTest.h">
      <Filter>Исходные файлы\Tests</Filter>
    </ClInclude>
    <ClInclude Include="Tests\10ClearTest.h">
      <Filter>Исходные файлы\Tests</Filter>
    </ClInclude>
    <ClInclude Include="Tests\11BasicIteratorTest.h">
      <Filter>Исходные файлы\Tests</Filter>
    </ClInclude>
    <ClInclude Include="Tests\12ConstIteratorTest.h">
      <Filter>Исходные файлы\Tests</Filter>
    </ClInclude>
    <ClInclude Include="Tests\13MemberAccessIteratorTest.h">
      <Filter>Исходные файлы\Tests</Filter>
    </ClInclude>
    <ClInclude Include="Tests\14InitializerListConstructorTest.h">
      <Filter>Исходные файлы\Tests</Filter>
    </ClInclude>
    <ClInclude Include="Tests\15IteratorConstructibleTest.h">
      <Filter>Исходные файлы\Tests</Filter>
    </ClInclude>
    <ClInclude Include="Tests\16ClassWithNoDefaultConstructorTest.h">
      <Filter>Исходные файлы\Tests</Filter>
    </ClInclude>
    <ClInclude Include="Tests\17InsertTest.h">
      <Filter>Исходные файлы\Tests</Filter>
    </ClInclude>
    <ClInclude Include="Tests\18EraseTest.h">
      <Filter>Исходные файлы\Tests</Filter>
    </ClInclude>
    <ClInclude Include="Tests\19StlCompatibilityTest.h">
      <Filter>Исходные файлы\Tests</Filter>
    </ClInclude>
    <ClInclude Include="Tests\Fixtures\CustomAsserts.h">
      <Filter>Исходные файлы\Tests\Fixtures</Filter>
    </ClInclude>
  </ItemGroup>
  <ItemGroup>
    <ClCompile Include="main.cpp">
      <Filter>Исходные файлы</Filter>
    </ClCompile>
  </ItemGroup>
</Project>