<?xml version="1.0" encoding="utf-8"?>
<Project ToolsVersion="4.0" xmlns="http://schemas.microsoft.com/developer/msbuild/2003">
  <ItemGroup>
    <Filter Include="Исходные файлы">
      <UniqueIdentifier>{4FC737F1-C7A5-4376-A066-2A32D752A2FF}</UniqueIdentifier>
      <Extensions>cpp;c;cc;cxx;c++;cppm;ixx;def;odl;idl;hpj;bat;asm;asmx</Extensions>
    </Filter>
    <Filter Include="Файлы ресурсов">
      <UniqueIdentifier>{67DA6AB6-F800-4c08-8B7A-83BB121AAD01}</UniqueIdentifier>
      <Extensions>rc;ico;cur;bmp;dlg;rc2;rct;bin;rgs;gif;jpg;jpeg;jpe;resx;tiff;tif;png;wav;mfcribbon-ms</Extensions>
    </Filter>
    <Filter Include="Tests">
      <UniqueIdentifier>{fe646e35-e5a4-4f5a-97f2-9e2c1faa0916}</UniqueIdentifier>
    </Filter>
    <Filter Include="Tests\Fixtures">
      <UniqueIdentifier>{47ed35ac-5d75-4dc8-9ad4-639937fe6c2e}</UniqueIdentifier>
    </Filter>
  </ItemGroup>
  <ItemGroup>
    <ClInclude Include="List.h">
      <Filter>Исходные файлы</Filter>
    </ClInclude>
    <ClInclude Include="Tests\1BasicConstructorsTest.h">
      <Filter>Tests</Filter>
    </ClInclude>
    <ClInclude Include="Tests\2PushFrontBackTest.h">
      <Filter>Tests</Filter>
    </ClInclude>
    <ClInclude Include="Tests\3PopFrontBackTest.h">
      <Filter>Tests</Filter>
    </ClInclude>
    <ClInclude Include="Tests\4DestructorCallTest.h">
      <Filter>Tests</Filter>
    </ClInclude>
    <ClInclude Include="Tests\5CopyConstructorTest.h">
      <Filter>Tests</Filter>
    </ClInclude>
    <ClInclude Include="Tests\6AssignmentOperatorTest.h">
      <Filter>Tests</Filter>
    </ClInclude>
    <ClInclude Include="Tests\7DestructorWithAssignmentTest.h">
      <Filter>Tests</Filter>
    </ClInclude>
    <ClInclude Include="Tests\8ConstFrontBackTest.h">
      <Filter>Tests</Filter>
    </ClInclude>
    <ClInclude Include="Tests\9ClearTest.h">
      <Filter>Tests</Filter>
    </ClInclude>
    <ClInclude Include="Tests\10BasicIteratorTest.h">
      <Filter>Tests</Filter>
    </ClInclude>
    <ClInclude Include="Tests\11ReverseIteratorTest.h">
      <Filter>Tests</Filter>
    </ClInclude>
    <ClInclude Include="Tests\12ConstIteratorTest.h">
      <Filter>Tests</Filter>
    </ClInclude>
    <ClInclude Include="Tests\13ConstReverseIteratorTest.h">
      <Filter>Tests</Filter>
    </ClInclude>
    <ClInclude Include="Tests\14MemberAccessIteratorTest.h">
      <Filter>Tests</Filter>
    </ClInclude>
    <ClInclude Include="Tests\15InitializerListConstructorTest.h">
      <Filter>Tests</Filter>
    </ClInclude>
    <ClInclude Include="Tests\16IteratorConstructibleTest.h">
      <Filter>Tests</Filter>
    </ClInclude>
    <ClInclude Include="Tests\17ClassWithNoDefaultConstructorTest.h">
      <Filter>Tests</Filter>
    </ClInclude>
    <ClInclude Include="Tests\18InsertTest.h">
      <Filter>Tests</Filter>
    </ClInclude>
    <ClInclude Include="Tests\19EraseTest.h">
      <Filter>Tests</Filter>
    </ClInclude>
    <ClInclude Include="Tests\20MergeTest.h">
      <Filter>Tests</Filter>
    </ClInclude>
    <ClInclude Include="Tests\21SortTest.h">
      <Filter>Tests</Filter>
    </ClInclude>
    <ClInclude Include="Tests\22StlCompatibilityTest.h">
      <Filter>Tests</Filter>
    </ClInclude>
    <ClInclude Include="Tests\Fixtures\CustomAsserts.h">
      <Filter>Tests\Fixtures</Filter>
    </ClInclude>
  </ItemGroup>
  <ItemGroup>
    <ClCompile Include="main.cpp">
      <Filter>Исходные файлы</Filter>
    </ClCompile>
  </ItemGroup>
</Project>