<?xml version="1.0" encoding="utf-8"?>
<Project ToolsVersion="4.0" xmlns="http://schemas.microsoft.com/developer/msbuild/2003">
  <ItemGroup>
    <Filter Include="Исходные файлы">
      <UniqueIdentifier>{4FC737F1-C7A5-4376-A066-2A32D752A2FF}</UniqueIdentifier>
      <Extensions>cpp;c;cc;cxx;c++;cppm;ixx;def;odl;idl;hpj;bat;asm;asmx</Extensions>
    </Filter>
    <Filter Include="Файлы ресурсов">
      <UniqueIdentifier>{67DA6AB6-F800-4c08-8B7A-83BB121AAD01}</UniqueIdentifier>
      <Extensions>rc;ico;cur;bmp;dlg;rc2;rct;bin;rgs;gif;jpg;jpeg;jpe;resx;tiff;tif;png;wav;mfcribbon-ms</Extensions>
    </Filter>
    <Filter Include="Tests">
      <UniqueIdentifier>{aafc94db-a5c9-4abe-a18c-4c738e558258}</UniqueIdentifier>
    </Filter>
    <Filter Include="Tests\Fixtures">
      <UniqueIdentifier>{11fe24f7-5d38-4fb4-9c3c-10fd4df896e1}</UniqueIdentifier>
    </Filter>
  </ItemGroup>
  <ItemGroup>
    <ClCompile Include="main.cpp">
      <Filter>Исходные файлы</Filter>
    </ClCompile>
    <ClCompile Include="Set.cpp">
      <Filter>Исходные файлы</Filter>
    </ClCompile>
  </ItemGroup>
  <ItemGroup>
    <ClInclude Include="Set.h">
      <Filter>Исходные файлы</Filter>
    </ClInclude>
    <ClInclude Include="Tests\1BasicConstructorsTest.h">
      <Filter>Tests</Filter>
    </ClInclude>
    <ClInclude Include="Tests\2InsertContainsTest.h">
      <Filter>Tests</Filter>
    </ClInclude>
    <ClInclude Include="Tests\3EraseValueTest.h">
      <Filter>Tests</Filter>
    </ClInclude>
    <ClInclude Include="Tests\4InitializerListTest.h">
      <Filter>Tests</Filter>
    </ClInclude>
    <ClInclude Include="Tests\5CopyConstructorTest.h">
      <Filter>Tests</Filter>
    </ClInclude>
    <ClInclude Include="Tests\6AssignmentOperatorTest.h">
      <Filter>Tests</Filter>
    </ClInclude>
    <ClInclude Include="Tests\7IteratorTest.h">
      <Filter>Tests</Filter>
    </ClInclude>
    <ClInclude Include="Tests\8IteratorStlCompatibilityTest.h">
      <Filter>Tests</Filter>
    </ClInclude>
    <ClInclude Include="Tests\9FindTest.h">
      <Filter>Tests</Filter>
    </ClInclude>
    <ClInclude Include="Tests\10UpperAndLowerBoundsTest.h">
      <Filter>Tests</Filter>
    </ClInclude>
    <ClInclude Include="Tests\11EraseIteratorTest.h">
      <Filter>Tests</Filter>
    </ClInclude>
    <ClInclude Include="Tests\12TimeLimitTest.h">
      <Filter>Tests</Filter>
    </ClInclude>
    <ClInclude Include="Tests\Fixtures\CustomAsserts.h">
      <Filter>Tests\Fixtures</Filter>
    </ClInclude>
  </ItemGroup>
</Project>