<?xml version="1.0" encoding="utf-8"?>
<Project ToolsVersion="4.0" xmlns="http://schemas.microsoft.com/developer/msbuild/2003">
  <ItemGroup>
    <Filter Include="Исходные файлы">
      <UniqueIdentifier>{4FC737F1-C7A5-4376-A066-2A32D752A2FF}</UniqueIdentifier>
      <Extensions>cpp;c;cc;cxx;c++;cppm;ixx;def;odl;idl;hpj;bat;asm;asmx</Extensions>
    </Filter>
    <Filter Include="Файлы ресурсов">
      <UniqueIdentifier>{67DA6AB6-F800-4c08-8B7A-83BB121AAD01}</UniqueIdentifier>
      <Extensions>rc;ico;cur;bmp;dlg;rc2;rct;bin;rgs;gif;jpg;jpeg;jpe;resx;tiff;tif;png;wav;mfcribbon-ms</Extensions>
    </Filter>
    <Filter Include="Tests">
      <UniqueIdentifier>{7dc783bf-da01-430b-a9f2-7a36ed3702e6}</UniqueIdentifier>
    </Filter>
    <Filter Include="Tests\Fixtures">
      <UniqueIdentifier>{712c39e1-b5b4-4bdd-ae6a-2f13cd4fba8f}</UniqueIdentifier>
    </Filter>
  </ItemGroup>
  <ItemGroup>
    <ClCompile Include="main.cpp">
      <Filter>Исходные файлы</Filter>
    </ClCompile>
    <ClCompile Include="Tests\Fixtures\CustomAsserts.cpp">
      <Filter>Tests\Fixtures</Filter>
    </ClCompile>
  </ItemGroup>
  <ItemGroup>
    <ClInclude Include="Tests\1BasicConstructorsTest.h">
      <Filter>Tests</Filter>
    </ClInclude>
    <ClInclude Include="Tests\2InitializerListConstructorTest.h">
      <Filter>Tests</Filter>
    </ClInclude>
    <ClInclude Include="Tests\3PushBackTest.h">
      <Filter>Tests</Filter>
    </ClInclude>
    <ClInclude Include="Tests\4PopBackTest.h">
      <Filter>Tests</Filter>
    </ClInclude>
    <ClInclude Include="Tests\5ClearTest.h">
      <Filter>Tests</Filter>
    </ClInclude>
    <ClInclude Include="Tests\6CopyConstructorTest.h">
      <Filter>Tests</Filter>
    </ClInclude>
    <ClInclude Include="Tests\7AssignmentOperatorTest.h">
      <Filter>Tests</Filter>
    </ClInclude>
    <ClInclude Include="Tests\8AccessFunctionsTest.h">
      <Filter>Tests</Filter>
    </ClInclude>
    <ClInclude Include="Tests\9ReserveAndShrinkToFitTest.h">
      <Filter>Tests</Filter>
    </ClInclude>
    <ClInclude Include="Tests\10SwapTest.h">
      <Filter>Tests</Filter>
    </ClInclude>
    <ClInclude Include="Tests\11SubscriptOperatorTest.h">
      <Filter>Tests</Filter>
    </ClInclude>
    <ClInclude Include="Tests\12DestructorCallTest.h">
      <Filter>Tests</Filter>
    </ClInclude>
    <ClInclude Include="Tests\13EmplaceBackTest.h">
      <Filter>Tests</Filter>
    </ClInclude>
    <ClInclude Include="Tests\14ClassWithoutDefaultConstructorTest.h">
      <Filter>Tests</Filter>
    </ClInclude>
    <ClInclude Include="Tests\15ClassWithoutCopyConstructorTest.h">
      <Filter>Tests</Filter>
    </ClInclude>
    <ClInclude Include="Tests\16MoveConstructorAndMoveAssignmentOperatorTest.h">
      <Filter>Tests</Filter>
    </ClInclude>
    <ClInclude Include="Tests\Fixtures\CustomAsserts.h">
      <Filter>Tests\Fixtures</Filter>
    </ClInclude>
    <ClInclude Include="Vector.h">
      <Filter>Исходные файлы</Filter>
    </ClInclude>
  </ItemGroup>
</Project>