<?xml version="1.0" encoding="utf-8"?>
<Project ToolsVersion="4.0" xmlns="http://schemas.microsoft.com/developer/msbuild/2003">
  <ItemGroup>
    <Filter Include="Исходные файлы">
      <UniqueIdentifier>{4FC737F1-C7A5-4376-A066-2A32D752A2FF}</UniqueIdentifier>
      <Extensions>cpp;c;cc;cxx;c++;cppm;ixx;def;odl;idl;hpj;bat;asm;asmx</Extensions>
    </Filter>
    <Filter Include="Файлы ресурсов">
      <UniqueIdentifier>{67DA6AB6-F800-4c08-8B7A-83BB121AAD01}</UniqueIdentifier>
      <Extensions>rc;ico;cur;bmp;dlg;rc2;rct;bin;rgs;gif;jpg;jpeg;jpe;resx;tiff;tif;png;wav;mfcribbon-ms</Extensions>
    </Filter>
    <Filter Include="Tests">
      <UniqueIdentifier>{903912c1-2304-4113-b55c-f37e7060773f}</UniqueIdentifier>
    </Filter>
    <Filter Include="Tests\Utils">
      <UniqueIdentifier>{acf04943-596e-43b0-b3bf-90554a451e0c}</UniqueIdentifier>
    </Filter>
  </ItemGroup>
  <ItemGroup>
    <ClInclude Include="Tests\Test0.h">
      <Filter>Tests</Filter>
    </ClInclude>
    <ClInclude Include="Tests\Test1.h">
      <Filter>Tests</Filter>
    </ClInclude>
    <ClInclude Include="Tests\Test2.h">
      <Filter>Tests</Filter>
    </ClInclude>
    <ClInclude Include="Tests\Test3.h">
      <Filter>Tests</Filter>
    </ClInclude>
    <ClInclude Include="Tests\Test4.h">
      <Filter>Tests</Filter>
    </ClInclude>
    <ClInclude Include="Tests\Test5.h">
      <Filter>Tests</Filter>
    </ClInclude>
    <ClInclude Include="Tests\Test6.h">
      <Filter>Tests</Filter>
    </ClInclude>
    <ClInclude Include="Tests\Test7.h">
      <Filter>Tests</Filter>
    </ClInclude>
    <ClInclude Include="Tests\Test8.h">
      <Filter>Tests</Filter>
    </ClInclude>
    <ClInclude Include="Tests\Utils\CustomAsserts.h">
      <Filter>Tests\Utils</Filter>
    </ClInclude>
    <ClInclude Include="RationalNumber.h">
      <Filter>Исходные файлы</Filter>
    </ClInclude>
  </ItemGroup>
  <ItemGroup>
    <ClCompile Include="Tests\Utils\CustomAsserts.cpp">
      <Filter>Tests\Utils</Filter>
    </ClCompile>
    <ClCompile Include="main.cpp">
      <Filter>Исходные файлы</Filter>
    </ClCompile>
  </ItemGroup>
</Project>